
Microsoft Visual Studio Solution File, Format Version 12.00
# Visual Studio Version 16
VisualStudioVersion = 16.0.31005.135
MinimumVisualStudioVersion = 10.0.40219.1
Project("{FAE04EC0-301F-11D3-BF4B-00C04F79EFBC}") = "JM QR Code Data Example", "JM QR Code Data Example\JM QR Code Data Example.csproj", "{5E5ECBBE-F91F-42E6-9B60-F10FD8B5FE5F}"
EndProject
Global
	GlobalSection(SolutionConfigurationPlatforms) = preSolution
		Debug|Any CPU = Debug|Any CPU
		Release|Any CPU = Release|Any CPU
	EndGlobalSection
	GlobalSection(ProjectConfigurationPlatforms) = postSolution
		{5E5ECBBE-F91F-42E6-9B60-F10FD8B5FE5F}.Debug|Any CPU.ActiveCfg = Debug|Any CPU
		{5E5ECBBE-F91F-42E6-9B60-F10FD8B5FE5F}.Debug|Any CPU.Build.0 = Debug|Any CPU
		{5E5ECBBE-F91F-42E6-9B60-F10FD8B5FE5F}.Release|Any CPU.ActiveCfg = Release|Any CPU
		{5E5ECBBE-F91F-42E6-9B60-F10FD8B5FE5F}.Release|Any CPU.Build.0 = Release|Any CPU
	EndGlobalSection
	GlobalSection(SolutionProperties) = preSolution
		HideSolutionNode = FALSE
	EndGlobalSection
	GlobalSection(ExtensibilityGlobals) = postSolution
		SolutionGuid = {DC3B8697-97E5-4CA3-8C5A-7496B8F389D5}
	EndGlobalSection
EndGlobal
